
Microsoft Visual Studio Solution File, Format Version 12.00
# Visual Studio 15
VisualStudioVersion = 15.0.28307.1000
MinimumVisualStudioVersion = 10.0.40219.1
Project("{8BC9CEB8-8B4A-11D0-8D11-00A0C91BC942}") = "lesson10", "lesson10\lesson10.vcxproj", "{94E0D5A5-E322-4377-9925-455762DFB8E0}"
EndProject
Global
	GlobalSection(SolutionConfigurationPlatforms) = preSolution
		Debug|x64 = Debug|x64
		Debug|x86 = Debug|x86
		Release|x64 = Release|x64
		Release|x86 = Release|x86
	EndGlobalSection
	GlobalSection(ProjectConfigurationPlatforms) = postSolution
		{94E0D5A5-E322-4377-9925-455762DFB8E0}.Debug|x64.ActiveCfg = Debug|x64
		{94E0D5A5-E322-4377-9925-455762DFB8E0}.Debug|x64.Build.0 = Debug|x64
		{94E0D5A5-E322-4377-9925-455762DFB8E0}.Debug|x86.ActiveCfg = Debug|Win32
		{94E0D5A5-E322-4377-9925-455762DFB8E0}.Debug|x86.Build.0 = Debug|Win32
		{94E0D5A5-E322-4377-9925-455762DFB8E0}.Release|x64.ActiveCfg = Release|x64
		{94E0D5A5-E322-4377-9925-455762DFB8E0}.Release|x64.Build.0 = Release|x64
		{94E0D5A5-E322-4377-9925-455762DFB8E0}.Release|x86.ActiveCfg = Release|Win32
		{94E0D5A5-E322-4377-9925-455762DFB8E0}.Release|x86.Build.0 = Release|Win32
	EndGlobalSection
	GlobalSection(SolutionProperties) = preSolution
		HideSolutionNode = FALSE
	EndGlobalSection
	GlobalSection(ExtensibilityGlobals) = postSolution
		SolutionGuid = {3F0478B8-43F5-4A0A-A36D-860703A53B4A}
	EndGlobalSection
EndGlobal
